
Microsoft Visual Studio Solution File, Format Version 12.00
# Visual Studio Version 17
VisualStudioVersion = 17.5.33414.496
MinimumVisualStudioVersion = 10.0.40219.1
Project("{FAE04EC0-301F-11D3-BF4B-00C04F79EFBC}") = "taks_27", "taks_27\taks_27.csproj", "{4C76718C-E388-4E6F-BCDB-F58BD286A0AD}"
EndProject
Global
	GlobalSection(SolutionConfigurationPlatforms) = preSolution
		Debug|Any CPU = Debug|Any CPU
		Release|Any CPU = Release|Any CPU
	EndGlobalSection
	GlobalSection(ProjectConfigurationPlatforms) = postSolution
		{4C76718C-E388-4E6F-BCDB-F58BD286A0AD}.Debug|Any CPU.ActiveCfg = Debug|Any CPU
		{4C76718C-E388-4E6F-BCDB-F58BD286A0AD}.Debug|Any CPU.Build.0 = Debug|Any CPU
		{4C76718C-E388-4E6F-BCDB-F58BD286A0AD}.Release|Any CPU.ActiveCfg = Release|Any CPU
		{4C76718C-E388-4E6F-BCDB-F58BD286A0AD}.Release|Any CPU.Build.0 = Release|Any CPU
	EndGlobalSection
	GlobalSection(SolutionProperties) = preSolution
		HideSolutionNode = FALSE
	EndGlobalSection
	GlobalSection(ExtensibilityGlobals) = postSolution
		SolutionGuid = {8766F6AD-9120-4E23-8AC9-CAA44BFC189E}
	EndGlobalSection
EndGlobal
